
Microsoft Visual Studio Solution File, Format Version 12.00
# Visual Studio Version 17
VisualStudioVersion = 17.1.32414.318
MinimumVisualStudioVersion = 10.0.40219.1
Project("{FAE04EC0-301F-11D3-BF4B-00C04F79EFBC}") = "Chemia dla opornych", "Chemia dla opornych\Chemia dla opornych.csproj", "{4C339BEF-669A-4CDA-9C36-DA5E590B29A0}"
EndProject
Global
	GlobalSection(SolutionConfigurationPlatforms) = preSolution
		Debug|Any CPU = Debug|Any CPU
		Release|Any CPU = Release|Any CPU
	EndGlobalSection
	GlobalSection(ProjectConfigurationPlatforms) = postSolution
		{4C339BEF-669A-4CDA-9C36-DA5E590B29A0}.Debug|Any CPU.ActiveCfg = Debug|Any CPU
		{4C339BEF-669A-4CDA-9C36-DA5E590B29A0}.Debug|Any CPU.Build.0 = Debug|Any CPU
		{4C339BEF-669A-4CDA-9C36-DA5E590B29A0}.Release|Any CPU.ActiveCfg = Release|Any CPU
		{4C339BEF-669A-4CDA-9C36-DA5E590B29A0}.Release|Any CPU.Build.0 = Release|Any CPU
	EndGlobalSection
	GlobalSection(SolutionProperties) = preSolution
		HideSolutionNode = FALSE
	EndGlobalSection
	GlobalSection(ExtensibilityGlobals) = postSolution
		SolutionGuid = {8D290043-DA5D-4554-BA34-DB2F3F2AE9DE}
	EndGlobalSection
EndGlobal
